
Microsoft Visual Studio Solution File, Format Version 12.00
# Visual Studio Version 16
VisualStudioVersion = 16.0.33529.622
MinimumVisualStudioVersion = 10.0.40219.1
Project("{FAE04EC0-301F-11D3-BF4B-00C04F79EFBC}") = "ASPDotNetApplicationUsingWEBAPIAndSQLSP", "..\ASPDotNetApplicationUsingWEBAPIAndSQLSP\ASPDotNetApplicationUsingWEBAPIAndSQLSP.csproj", "{A2E18FCE-56EA-4BF3-AAB8-8268DFE393C4}"
EndProject
Project("{FAE04EC0-301F-11D3-BF4B-00C04F79EFBC}") = "ASPDotNetCoreWEBAPIUsingSQLSP", "..\ASPDotNetCoreWEBAPIUsingSQLSP\ASPDotNetCoreWEBAPIUsingSQLSP.csproj", "{2B0E773C-FEFB-4F29-AB72-72BA5E71CB3C}"
EndProject
Global
	GlobalSection(SolutionConfigurationPlatforms) = preSolution
		Debug|Any CPU = Debug|Any CPU
		Release|Any CPU = Release|Any CPU
	EndGlobalSection
	GlobalSection(ProjectConfigurationPlatforms) = postSolution
		{A2E18FCE-56EA-4BF3-AAB8-8268DFE393C4}.Debug|Any CPU.ActiveCfg = Debug|Any CPU
		{A2E18FCE-56EA-4BF3-AAB8-8268DFE393C4}.Debug|Any CPU.Build.0 = Debug|Any CPU
		{A2E18FCE-56EA-4BF3-AAB8-8268DFE393C4}.Release|Any CPU.ActiveCfg = Release|Any CPU
		{A2E18FCE-56EA-4BF3-AAB8-8268DFE393C4}.Release|Any CPU.Build.0 = Release|Any CPU
		{2B0E773C-FEFB-4F29-AB72-72BA5E71CB3C}.Debug|Any CPU.ActiveCfg = Debug|Any CPU
		{2B0E773C-FEFB-4F29-AB72-72BA5E71CB3C}.Debug|Any CPU.Build.0 = Debug|Any CPU
		{2B0E773C-FEFB-4F29-AB72-72BA5E71CB3C}.Release|Any CPU.ActiveCfg = Release|Any CPU
		{2B0E773C-FEFB-4F29-AB72-72BA5E71CB3C}.Release|Any CPU.Build.0 = Release|Any CPU
	EndGlobalSection
	GlobalSection(SolutionProperties) = preSolution
		HideSolutionNode = FALSE
	EndGlobalSection
	GlobalSection(ExtensibilityGlobals) = postSolution
		SolutionGuid = {3A40CE47-C4E6-4E66-A4CB-06A74DFBD236}
	EndGlobalSection
EndGlobal
